
Microsoft Visual Studio Solution File, Format Version 12.00
# Visual Studio Version 16
VisualStudioVersion = 16.0.30114.105
MinimumVisualStudioVersion = 10.0.40219.1
Project("{FAE04EC0-301F-11D3-BF4B-00C04F79EFBC}") = "HugoDesktop", "HugoDesktop.csproj", "{8F6F8F61-F221-4CC8-9FA0-95415B1D641F}"
EndProject
Project("{2150E333-8FDC-42A3-9474-1A3956D46DE8}") = "Solution Items", "Solution Items", "{5A24E03D-F194-4A2C-99C7-7F67591CFAD4}"
EndProject
Global
	GlobalSection(SolutionConfigurationPlatforms) = preSolution
		Debug|Any CPU = Debug|Any CPU
		Release|Any CPU = Release|Any CPU
	EndGlobalSection
	GlobalSection(ProjectConfigurationPlatforms) = postSolution
		{8F6F8F61-F221-4CC8-9FA0-95415B1D641F}.Debug|Any CPU.ActiveCfg = Debug|Any CPU
		{8F6F8F61-F221-4CC8-9FA0-95415B1D641F}.Debug|Any CPU.Build.0 = Debug|Any CPU
		{8F6F8F61-F221-4CC8-9FA0-95415B1D641F}.Release|Any CPU.ActiveCfg = Release|Any CPU
		{8F6F8F61-F221-4CC8-9FA0-95415B1D641F}.Release|Any CPU.Build.0 = Release|Any CPU
	EndGlobalSection
	GlobalSection(SolutionProperties) = preSolution
		HideSolutionNode = FALSE
	EndGlobalSection
	GlobalSection(ExtensibilityGlobals) = postSolution
		SolutionGuid = {E7BA11AD-77A3-4529-9697-7134D46915C4}
	EndGlobalSection
EndGlobal
